
Microsoft Visual Studio Solution File, Format Version 12.00
# Visual Studio 15
VisualStudioVersion = 15.0.28307.902
MinimumVisualStudioVersion = 10.0.40219.1
Project("{FAE04EC0-301F-11D3-BF4B-00C04F79EFBC}") = "Wankul", "Wankul.csproj", "{6B87F407-5A4A-46FC-8F17-2AAD5B0FC3EA}"
EndProject
Global
	GlobalSection(SolutionConfigurationPlatforms) = preSolution
		Debug|Any CPU = Debug|Any CPU
		Release|Any CPU = Release|Any CPU
	EndGlobalSection
	GlobalSection(ProjectConfigurationPlatforms) = postSolution
		{6B87F407-5A4A-46FC-8F17-2AAD5B0FC3EA}.Debug|Any CPU.ActiveCfg = Debug|Any CPU
		{6B87F407-5A4A-46FC-8F17-2AAD5B0FC3EA}.Debug|Any CPU.Build.0 = Debug|Any CPU
		{6B87F407-5A4A-46FC-8F17-2AAD5B0FC3EA}.Release|Any CPU.ActiveCfg = Release|Any CPU
		{6B87F407-5A4A-46FC-8F17-2AAD5B0FC3EA}.Release|Any CPU.Build.0 = Release|Any CPU
	EndGlobalSection
	GlobalSection(SolutionProperties) = preSolution
		HideSolutionNode = FALSE
	EndGlobalSection
	GlobalSection(ExtensibilityGlobals) = postSolution
		SolutionGuid = {DAEB7786-B4C1-4297-9E9B-38E6DA50BC19}
	EndGlobalSection
EndGlobal
